
Microsoft Visual Studio Solution File, Format Version 12.00
# Visual Studio Version 16
VisualStudioVersion = 16.0.31205.134
MinimumVisualStudioVersion = 10.0.40219.1
Project("{FAE04EC0-301F-11D3-BF4B-00C04F79EFBC}") = "UrlParser", "UrlParser\UrlParser.csproj", "{8A059737-106D-40D5-B2C5-61F574310AB9}"
EndProject
Project("{FAE04EC0-301F-11D3-BF4B-00C04F79EFBC}") = "UrlParserTests", "UrlParserTests\UrlParserTests.csproj", "{B84E933A-5E15-4FE9-96D2-0184D59AD63E}"
EndProject
Global
	GlobalSection(SolutionConfigurationPlatforms) = preSolution
		Debug|Any CPU = Debug|Any CPU
		Release|Any CPU = Release|Any CPU
	EndGlobalSection
	GlobalSection(ProjectConfigurationPlatforms) = postSolution
		{8A059737-106D-40D5-B2C5-61F574310AB9}.Debug|Any CPU.ActiveCfg = Debug|Any CPU
		{8A059737-106D-40D5-B2C5-61F574310AB9}.Debug|Any CPU.Build.0 = Debug|Any CPU
		{8A059737-106D-40D5-B2C5-61F574310AB9}.Release|Any CPU.ActiveCfg = Release|Any CPU
		{8A059737-106D-40D5-B2C5-61F574310AB9}.Release|Any CPU.Build.0 = Release|Any CPU
		{B84E933A-5E15-4FE9-96D2-0184D59AD63E}.Debug|Any CPU.ActiveCfg = Debug|Any CPU
		{B84E933A-5E15-4FE9-96D2-0184D59AD63E}.Debug|Any CPU.Build.0 = Debug|Any CPU
		{B84E933A-5E15-4FE9-96D2-0184D59AD63E}.Release|Any CPU.ActiveCfg = Release|Any CPU
		{B84E933A-5E15-4FE9-96D2-0184D59AD63E}.Release|Any CPU.Build.0 = Release|Any CPU
	EndGlobalSection
	GlobalSection(SolutionProperties) = preSolution
		HideSolutionNode = FALSE
	EndGlobalSection
	GlobalSection(ExtensibilityGlobals) = postSolution
		SolutionGuid = {60ABF58A-E74D-41A0-BBE3-03456472508D}
	EndGlobalSection
EndGlobal
