
Microsoft Visual Studio Solution File, Format Version 12.00
# Visual Studio Version 16
VisualStudioVersion = 16.0.31205.134
MinimumVisualStudioVersion = 10.0.40219.1
Project("{FAE04EC0-301F-11D3-BF4B-00C04F79EFBC}") = "Bodies", "Bodies\Bodies.csproj", "{543BA264-71A3-4FAA-84EC-984921D34EA5}"
EndProject
Project("{FAE04EC0-301F-11D3-BF4B-00C04F79EFBC}") = "BodiesTests", "BodiesTests\BodiesTests.csproj", "{146DDB30-BF92-4173-ACD1-797DEC0F8D94}"
EndProject
Global
	GlobalSection(SolutionConfigurationPlatforms) = preSolution
		Debug|Any CPU = Debug|Any CPU
		Release|Any CPU = Release|Any CPU
	EndGlobalSection
	GlobalSection(ProjectConfigurationPlatforms) = postSolution
		{543BA264-71A3-4FAA-84EC-984921D34EA5}.Debug|Any CPU.ActiveCfg = Debug|Any CPU
		{543BA264-71A3-4FAA-84EC-984921D34EA5}.Debug|Any CPU.Build.0 = Debug|Any CPU
		{543BA264-71A3-4FAA-84EC-984921D34EA5}.Release|Any CPU.ActiveCfg = Release|Any CPU
		{543BA264-71A3-4FAA-84EC-984921D34EA5}.Release|Any CPU.Build.0 = Release|Any CPU
		{146DDB30-BF92-4173-ACD1-797DEC0F8D94}.Debug|Any CPU.ActiveCfg = Debug|Any CPU
		{146DDB30-BF92-4173-ACD1-797DEC0F8D94}.Debug|Any CPU.Build.0 = Debug|Any CPU
		{146DDB30-BF92-4173-ACD1-797DEC0F8D94}.Release|Any CPU.ActiveCfg = Release|Any CPU
		{146DDB30-BF92-4173-ACD1-797DEC0F8D94}.Release|Any CPU.Build.0 = Release|Any CPU
	EndGlobalSection
	GlobalSection(SolutionProperties) = preSolution
		HideSolutionNode = FALSE
	EndGlobalSection
	GlobalSection(ExtensibilityGlobals) = postSolution
		SolutionGuid = {3C1E4BE0-8ECD-411E-96A4-F25A04E55179}
	EndGlobalSection
EndGlobal
