
Microsoft Visual Studio Solution File, Format Version 12.00
# Visual Studio Version 16
VisualStudioVersion = 16.0.31205.134
MinimumVisualStudioVersion = 10.0.40219.1
Project("{8BC9CEB8-8B4A-11D0-8D11-00A0C91BC942}") = "MyString", "MyString\MyString.vcxproj", "{1E131110-8836-49A8-BDD1-FE8F7EF96114}"
EndProject
Project("{8BC9CEB8-8B4A-11D0-8D11-00A0C91BC942}") = "MyStringTests", "MyStringTests\MyStringTests.vcxproj", "{29084EF6-A8B8-4473-97D2-D904AFFAF4CD}"
EndProject
Global
	GlobalSection(SolutionConfigurationPlatforms) = preSolution
		Debug|x64 = Debug|x64
		Debug|x86 = Debug|x86
		Release|x64 = Release|x64
		Release|x86 = Release|x86
	EndGlobalSection
	GlobalSection(ProjectConfigurationPlatforms) = postSolution
		{1E131110-8836-49A8-BDD1-FE8F7EF96114}.Debug|x64.ActiveCfg = Debug|x64
		{1E131110-8836-49A8-BDD1-FE8F7EF96114}.Debug|x64.Build.0 = Debug|x64
		{1E131110-8836-49A8-BDD1-FE8F7EF96114}.Debug|x86.ActiveCfg = Debug|Win32
		{1E131110-8836-49A8-BDD1-FE8F7EF96114}.Debug|x86.Build.0 = Debug|Win32
		{1E131110-8836-49A8-BDD1-FE8F7EF96114}.Release|x64.ActiveCfg = Release|x64
		{1E131110-8836-49A8-BDD1-FE8F7EF96114}.Release|x64.Build.0 = Release|x64
		{1E131110-8836-49A8-BDD1-FE8F7EF96114}.Release|x86.ActiveCfg = Release|Win32
		{1E131110-8836-49A8-BDD1-FE8F7EF96114}.Release|x86.Build.0 = Release|Win32
		{29084EF6-A8B8-4473-97D2-D904AFFAF4CD}.Debug|x64.ActiveCfg = Debug|x64
		{29084EF6-A8B8-4473-97D2-D904AFFAF4CD}.Debug|x64.Build.0 = Debug|x64
		{29084EF6-A8B8-4473-97D2-D904AFFAF4CD}.Debug|x86.ActiveCfg = Debug|Win32
		{29084EF6-A8B8-4473-97D2-D904AFFAF4CD}.Debug|x86.Build.0 = Debug|Win32
		{29084EF6-A8B8-4473-97D2-D904AFFAF4CD}.Release|x64.ActiveCfg = Release|x64
		{29084EF6-A8B8-4473-97D2-D904AFFAF4CD}.Release|x64.Build.0 = Release|x64
		{29084EF6-A8B8-4473-97D2-D904AFFAF4CD}.Release|x86.ActiveCfg = Release|Win32
		{29084EF6-A8B8-4473-97D2-D904AFFAF4CD}.Release|x86.Build.0 = Release|Win32
	EndGlobalSection
	GlobalSection(SolutionProperties) = preSolution
		HideSolutionNode = FALSE
	EndGlobalSection
	GlobalSection(ExtensibilityGlobals) = postSolution
		SolutionGuid = {845A1DA5-2085-44C9-8A67-26E1A92AC67D}
	EndGlobalSection
EndGlobal
