
Microsoft Visual Studio Solution File, Format Version 12.00
# Visual Studio Version 16
VisualStudioVersion = 16.0.31205.134
MinimumVisualStudioVersion = 10.0.40219.1
Project("{FAE04EC0-301F-11D3-BF4B-00C04F79EFBC}") = "Vehicle", "Vehicle\Vehicle.csproj", "{B63A40E0-A104-47F3-A64D-036EE8C787BF}"
EndProject
Project("{FAE04EC0-301F-11D3-BF4B-00C04F79EFBC}") = "VehicleTests", "VehicleTests\VehicleTests.csproj", "{50F934F5-909A-4475-9674-C499542FFD02}"
EndProject
Global
	GlobalSection(SolutionConfigurationPlatforms) = preSolution
		Debug|Any CPU = Debug|Any CPU
		Release|Any CPU = Release|Any CPU
	EndGlobalSection
	GlobalSection(ProjectConfigurationPlatforms) = postSolution
		{B63A40E0-A104-47F3-A64D-036EE8C787BF}.Debug|Any CPU.ActiveCfg = Debug|Any CPU
		{B63A40E0-A104-47F3-A64D-036EE8C787BF}.Debug|Any CPU.Build.0 = Debug|Any CPU
		{B63A40E0-A104-47F3-A64D-036EE8C787BF}.Release|Any CPU.ActiveCfg = Release|Any CPU
		{B63A40E0-A104-47F3-A64D-036EE8C787BF}.Release|Any CPU.Build.0 = Release|Any CPU
		{50F934F5-909A-4475-9674-C499542FFD02}.Debug|Any CPU.ActiveCfg = Debug|Any CPU
		{50F934F5-909A-4475-9674-C499542FFD02}.Debug|Any CPU.Build.0 = Debug|Any CPU
		{50F934F5-909A-4475-9674-C499542FFD02}.Release|Any CPU.ActiveCfg = Release|Any CPU
		{50F934F5-909A-4475-9674-C499542FFD02}.Release|Any CPU.Build.0 = Release|Any CPU
	EndGlobalSection
	GlobalSection(SolutionProperties) = preSolution
		HideSolutionNode = FALSE
	EndGlobalSection
	GlobalSection(ExtensibilityGlobals) = postSolution
		SolutionGuid = {BF9833B6-18F2-44F5-AC28-6A5AA678A926}
	EndGlobalSection
EndGlobal
